
Microsoft Visual Studio Solution File, Format Version 11.00
# Visual Studio 2010
Project("{FAE04EC0-301F-11D3-BF4B-00C04F79EFBC}") = "MasterPages", "MasterPages\MasterPages.csproj", "{0FDA7CCE-4368-4633-850C-14377201595F}"
EndProject
Global
	GlobalSection(SolutionConfigurationPlatforms) = preSolution
		Debug|Any CPU = Debug|Any CPU
		Release|Any CPU = Release|Any CPU
	EndGlobalSection
	GlobalSection(ProjectConfigurationPlatforms) = postSolution
		{0FDA7CCE-4368-4633-850C-14377201595F}.Debug|Any CPU.ActiveCfg = Debug|Any CPU
		{0FDA7CCE-4368-4633-850C-14377201595F}.Debug|Any CPU.Build.0 = Debug|Any CPU
		{0FDA7CCE-4368-4633-850C-14377201595F}.Release|Any CPU.ActiveCfg = Release|Any CPU
		{0FDA7CCE-4368-4633-850C-14377201595F}.Release|Any CPU.Build.0 = Release|Any CPU
	EndGlobalSection
	GlobalSection(SolutionProperties) = preSolution
		HideSolutionNode = FALSE
	EndGlobalSection
EndGlobal
