
Microsoft Visual Studio Solution File, Format Version 11.00
# Visual Studio 2010
Project("{FAE04EC0-301F-11D3-BF4B-00C04F79EFBC}") = "DelegateCovariance", "DelegateCovariance\DelegateCovariance.csproj", "{80F56A8B-7FF4-49BF-B962-CE0A112F3484}"
EndProject
Global
	GlobalSection(SolutionConfigurationPlatforms) = preSolution
		Debug|x86 = Debug|x86
		Release|x86 = Release|x86
	EndGlobalSection
	GlobalSection(ProjectConfigurationPlatforms) = postSolution
		{80F56A8B-7FF4-49BF-B962-CE0A112F3484}.Debug|x86.ActiveCfg = Debug|x86
		{80F56A8B-7FF4-49BF-B962-CE0A112F3484}.Debug|x86.Build.0 = Debug|x86
		{80F56A8B-7FF4-49BF-B962-CE0A112F3484}.Release|x86.ActiveCfg = Release|x86
		{80F56A8B-7FF4-49BF-B962-CE0A112F3484}.Release|x86.Build.0 = Release|x86
	EndGlobalSection
	GlobalSection(SolutionProperties) = preSolution
		HideSolutionNode = FALSE
	EndGlobalSection
EndGlobal
