
Microsoft Visual Studio Solution File, Format Version 12.00
# Visual Studio 15
VisualStudioVersion = 15.0.27004.2005
MinimumVisualStudioVersion = 10.0.40219.1
Project("{FAE04EC0-301F-11D3-BF4B-00C04F79EFBC}") = "FuncAndActions", "CSharpLearn\FuncAndActions.csproj", "{289DEFE1-D9E7-4047-877B-30142BC9406E}"
EndProject
Global
	GlobalSection(SolutionConfigurationPlatforms) = preSolution
		Debug|Any CPU = Debug|Any CPU
		Release|Any CPU = Release|Any CPU
	EndGlobalSection
	GlobalSection(ProjectConfigurationPlatforms) = postSolution
		{289DEFE1-D9E7-4047-877B-30142BC9406E}.Debug|Any CPU.ActiveCfg = Debug|Any CPU
		{289DEFE1-D9E7-4047-877B-30142BC9406E}.Debug|Any CPU.Build.0 = Debug|Any CPU
		{289DEFE1-D9E7-4047-877B-30142BC9406E}.Release|Any CPU.ActiveCfg = Release|Any CPU
		{289DEFE1-D9E7-4047-877B-30142BC9406E}.Release|Any CPU.Build.0 = Release|Any CPU
	EndGlobalSection
	GlobalSection(SolutionProperties) = preSolution
		HideSolutionNode = FALSE
	EndGlobalSection
	GlobalSection(ExtensibilityGlobals) = postSolution
		SolutionGuid = {CE16ADCF-D2A8-492B-BFA1-06C3A9851852}
	EndGlobalSection
EndGlobal
